
Microsoft Visual Studio Solution File, Format Version 12.00
# Visual Studio Version 16
VisualStudioVersion = 16.0.31019.35
MinimumVisualStudioVersion = 10.0.40219.1
Project("{FAE04EC0-301F-11D3-BF4B-00C04F79EFBC}") = "4Secret_Project", "4Secret_Project\4Secret_Project.csproj", "{50391FAA-ECBA-4208-9320-66FD51496720}"
EndProject
Project("{54435603-DBB4-11D2-8724-00A0C9A8B90C}") = "4Secret_Installer", "4Secret_Installer\4Secret_Installer.vdproj", "{7DD93D17-1A1E-45D9-8F64-357B461F3B29}"
EndProject
Global
	GlobalSection(SolutionConfigurationPlatforms) = preSolution
		Debug|Any CPU = Debug|Any CPU
		Release|Any CPU = Release|Any CPU
	EndGlobalSection
	GlobalSection(ProjectConfigurationPlatforms) = postSolution
		{50391FAA-ECBA-4208-9320-66FD51496720}.Debug|Any CPU.ActiveCfg = Debug|Any CPU
		{50391FAA-ECBA-4208-9320-66FD51496720}.Debug|Any CPU.Build.0 = Debug|Any CPU
		{50391FAA-ECBA-4208-9320-66FD51496720}.Release|Any CPU.ActiveCfg = Debug|Any CPU
		{50391FAA-ECBA-4208-9320-66FD51496720}.Release|Any CPU.Build.0 = Debug|Any CPU
		{7DD93D17-1A1E-45D9-8F64-357B461F3B29}.Debug|Any CPU.ActiveCfg = Debug
		{7DD93D17-1A1E-45D9-8F64-357B461F3B29}.Release|Any CPU.ActiveCfg = Release
	EndGlobalSection
	GlobalSection(SolutionProperties) = preSolution
		HideSolutionNode = FALSE
	EndGlobalSection
	GlobalSection(ExtensibilityGlobals) = postSolution
		SolutionGuid = {2347C5C7-9C77-405F-909C-125CC22B9D7B}
	EndGlobalSection
EndGlobal
